
Microsoft Visual Studio Solution File, Format Version 12.00
# Visual Studio Version 17
VisualStudioVersion = 17.13.35825.156
MinimumVisualStudioVersion = 10.0.40219.1
Project("{FAE04EC0-301F-11D3-BF4B-00C04F79EFBC}") = "CMCS", "CMCS.csproj", "{CF995077-7799-4623-BC86-9966500CC93B}"
EndProject
Project("{FAE04EC0-301F-11D3-BF4B-00C04F79EFBC}") = "CMCS.Tests", "..\CMCS.Tests\CMCS.Tests.csproj", "{AA40D103-9622-4020-8064-B69ABBD498D0}"
EndProject
Global
	GlobalSection(SolutionConfigurationPlatforms) = preSolution
		Debug|Any CPU = Debug|Any CPU
		Release|Any CPU = Release|Any CPU
	EndGlobalSection
	GlobalSection(ProjectConfigurationPlatforms) = postSolution
		{CF995077-7799-4623-BC86-9966500CC93B}.Debug|Any CPU.ActiveCfg = Debug|Any CPU
		{CF995077-7799-4623-BC86-9966500CC93B}.Debug|Any CPU.Build.0 = Debug|Any CPU
		{CF995077-7799-4623-BC86-9966500CC93B}.Release|Any CPU.ActiveCfg = Release|Any CPU
		{CF995077-7799-4623-BC86-9966500CC93B}.Release|Any CPU.Build.0 = Release|Any CPU
		{AA40D103-9622-4020-8064-B69ABBD498D0}.Debug|Any CPU.ActiveCfg = Debug|Any CPU
		{AA40D103-9622-4020-8064-B69ABBD498D0}.Debug|Any CPU.Build.0 = Debug|Any CPU
		{AA40D103-9622-4020-8064-B69ABBD498D0}.Release|Any CPU.ActiveCfg = Release|Any CPU
		{AA40D103-9622-4020-8064-B69ABBD498D0}.Release|Any CPU.Build.0 = Release|Any CPU
	EndGlobalSection
	GlobalSection(SolutionProperties) = preSolution
		HideSolutionNode = FALSE
	EndGlobalSection
	GlobalSection(ExtensibilityGlobals) = postSolution
		SolutionGuid = {20788294-267B-4093-8D4F-DE2820D1D269}
	EndGlobalSection
EndGlobal
